// !$*UTF8*$!
{
	archiveVersion = 1;
	classes = {
	};
	objectVersion = 50;
	objects = {

/* Begin PBXBuildFile section */
		5C0C5A0D21419CEF00B7933D /* AppDelegate.swift in Sources */ = {isa = PBXBuildFile; fileRef = 5C0C5A0C21419CEF00B7933D /* AppDelegate.swift */; };
		5C0C5A0F21419CEF00B7933D /* IntroductionViewController.swift in Sources */ = {isa = PBXBuildFile; fileRef = 5C0C5A0E21419CEF00B7933D /* IntroductionViewController.swift */; };
		5C0C5A1221419CEF00B7933D /* Main.storyboard in Resources */ = {isa = PBXBuildFile; fileRef = 5C0C5A1021419CEF00B7933D /* Main.storyboard */; };
		5C0C5A1421419CF000B7933D /* Assets.xcassets in Resources */ = {isa = PBXBuildFile; fileRef = 5C0C5A1321419CF000B7933D /* Assets.xcassets */; };
		5C0C5A1721419CF000B7933D /* LaunchScreen.storyboard in Resources */ = {isa = PBXBuildFile; fileRef = 5C0C5A1521419CF000B7933D /* LaunchScreen.storyboard */; };
		5C0C5A1F2141A52B00B7933D /* QuestionViewController.swift in Sources */ = {isa = PBXBuildFile; fileRef = 5C0C5A1E2141A52B00B7933D /* QuestionViewController.swift */; };
		5C0C5A212141A53E00B7933D /* ResultsViewController.swift in Sources */ = {isa = PBXBuildFile; fileRef = 5C0C5A202141A53E00B7933D /* ResultsViewController.swift */; };
		5C8BA62A2146DEB6002E06DD /* Question.swift in Sources */ = {isa = PBXBuildFile; fileRef = 5C8BA6292146DEB6002E06DD /* Question.swift */; };
		5CEA704D21B19C35002DE87E /* 1.jpeg in Resources */ = {isa = PBXBuildFile; fileRef = 5CEA704821B19C35002DE87E /* 1.jpeg */; };
		5CEA704E21B19C35002DE87E /* 2.jpeg in Resources */ = {isa = PBXBuildFile; fileRef = 5CEA704921B19C35002DE87E /* 2.jpeg */; };
		5CEA704F21B19C35002DE87E /* 3.jpeg in Resources */ = {isa = PBXBuildFile; fileRef = 5CEA704A21B19C35002DE87E /* 3.jpeg */; };
		5CEA705021B19C35002DE87E /* 5.jpeg in Resources */ = {isa = PBXBuildFile; fileRef = 5CEA704B21B19C35002DE87E /* 5.jpeg */; };
		5CEA705121B19C35002DE87E /* 4.jpeg in Resources */ = {isa = PBXBuildFile; fileRef = 5CEA704C21B19C35002DE87E /* 4.jpeg */; };
/* End PBXBuildFile section */

/* Begin PBXFileReference section */
		5C0C5A0921419CEF00B7933D /* Personality Quiz 2.app */ = {isa = PBXFileReference; explicitFileType = wrapper.application; includeInIndex = 0; path = "Personality Quiz 2.app"; sourceTree = BUILT_PRODUCTS_DIR; };
		5C0C5A0C21419CEF00B7933D /* AppDelegate.swift */ = {isa = PBXFileReference; lastKnownFileType = sourcecode.swift; path = AppDelegate.swift; sourceTree = "<group>"; };
		5C0C5A0E21419CEF00B7933D /* IntroductionViewController.swift */ = {isa = PBXFileReference; lastKnownFileType = sourcecode.swift; path = IntroductionViewController.swift; sourceTree = "<group>"; };
		5C0C5A1121419CEF00B7933D /* Base */ = {isa = PBXFileReference; lastKnownFileType = file.storyboard; name = Base; path = Base.lproj/Main.storyboard; sourceTree = "<group>"; };
		5C0C5A1321419CF000B7933D /* Assets.xcassets */ = {isa = PBXFileReference; lastKnownFileType = folder.assetcatalog; path = Assets.xcassets; sourceTree = "<group>"; };
		5C0C5A1621419CF000B7933D /* Base */ = {isa = PBXFileReference; lastKnownFileType = file.storyboard; name = Base; path = Base.lproj/LaunchScreen.storyboard; sourceTree = "<group>"; };
		5C0C5A1821419CF000B7933D /* Info.plist */ = {isa = PBXFileReference; lastKnownFileType = text.plist.xml; path = Info.plist; sourceTree = "<group>"; };
		5C0C5A1E2141A52B00B7933D /* QuestionViewController.swift */ = {isa = PBXFileReference; lastKnownFileType = sourcecode.swift; path = QuestionViewController.swift; sourceTree = "<group>"; };
		5C0C5A202141A53E00B7933D /* ResultsViewController.swift */ = {isa = PBXFileReference; lastKnownFileType = sourcecode.swift; path = ResultsViewController.swift; sourceTree = "<group>"; };
		5C8BA6292146DEB6002E06DD /* Question.swift */ = {isa = PBXFileReference; lastKnownFileType = sourcecode.swift; path = Question.swift; sourceTree = "<group>"; };
		5CEA704821B19C35002DE87E /* 1.jpeg */ = {isa = PBXFileReference; lastKnownFileType = image.jpeg; path = 1.jpeg; sourceTree = "<group>"; };
		5CEA704921B19C35002DE87E /* 2.jpeg */ = {isa = PBXFileReference; lastKnownFileType = image.jpeg; path = 2.jpeg; sourceTree = "<group>"; };
		5CEA704A21B19C35002DE87E /* 3.jpeg */ = {isa = PBXFileReference; lastKnownFileType = image.jpeg; path = 3.jpeg; sourceTree = "<group>"; };
		5CEA704B21B19C35002DE87E /* 5.jpeg */ = {isa = PBXFileReference; lastKnownFileType = image.jpeg; path = 5.jpeg; sourceTree = "<group>"; };
		5CEA704C21B19C35002DE87E /* 4.jpeg */ = {isa = PBXFileReference; lastKnownFileType = image.jpeg; path = 4.jpeg; sourceTree = "<group>"; };
/* End PBXFileReference section */

/* Begin PBXFrameworksBuildPhase section */
		5C0C5A0621419CEF00B7933D /* Frameworks */ = {
			isa = PBXFrameworksBuildPhase;
			buildActionMask = 2147483647;
			files = (
			);
			runOnlyForDeploymentPostprocessing = 0;
		};
/* End PBXFrameworksBuildPhase section */

/* Begin PBXGroup section */
		5C0C5A0021419CEF00B7933D = {
			isa = PBXGroup;
			children = (
				5CEA703D21B19B58002DE87E /* screens */,
				5C0C5A0B21419CEF00B7933D /* Personality Quiz 2 */,
				5C0C5A0A21419CEF00B7933D /* Products */,
			);
			sourceTree = "<group>";
		};
		5C0C5A0A21419CEF00B7933D /* Products */ = {
			isa = PBXGroup;
			children = (
				5C0C5A0921419CEF00B7933D /* Personality Quiz 2.app */,
			);
			name = Products;
			sourceTree = "<group>";
		};
		5C0C5A0B21419CEF00B7933D /* Personality Quiz 2 */ = {
			isa = PBXGroup;
			children = (
				5C0C5A0C21419CEF00B7933D /* AppDelegate.swift */,
				5C8BA6292146DEB6002E06DD /* Question.swift */,
				5C0C5A0E21419CEF00B7933D /* IntroductionViewController.swift */,
				5C0C5A1E2141A52B00B7933D /* QuestionViewController.swift */,
				5C0C5A202141A53E00B7933D /* ResultsViewController.swift */,
				5C0C5A1021419CEF00B7933D /* Main.storyboard */,
				5C0C5A1321419CF000B7933D /* Assets.xcassets */,
				5C0C5A1521419CF000B7933D /* LaunchScreen.storyboard */,
				5C0C5A1821419CF000B7933D /* Info.plist */,
			);
			path = "Personality Quiz 2";
			sourceTree = "<group>";
		};
		5CEA703D21B19B58002DE87E /* screens */ = {
			isa = PBXGroup;
			children = (
				5CEA704821B19C35002DE87E /* 1.jpeg */,
				5CEA704921B19C35002DE87E /* 2.jpeg */,
				5CEA704A21B19C35002DE87E /* 3.jpeg */,
				5CEA704C21B19C35002DE87E /* 4.jpeg */,
				5CEA704B21B19C35002DE87E /* 5.jpeg */,
			);
			path = screens;
			sourceTree = "<group>";
		};
/* End PBXGroup section */

/* Begin PBXNativeTarget section */
		5C0C5A0821419CEF00B7933D /* Personality Quiz 2 */ = {
			isa = PBXNativeTarget;
			buildConfigurationList = 5C0C5A1B21419CF000B7933D /* Build configuration list for PBXNativeTarget "Personality Quiz 2" */;
			buildPhases = (
				5C0C5A0521419CEF00B7933D /* Sources */,
				5C0C5A0621419CEF00B7933D /* Frameworks */,
				5C0C5A0721419CEF00B7933D /* Resources */,
			);
			buildRules = (
			);
			dependencies = (
			);
			name = "Personality Quiz 2";
			productName = "Personality Quiz 2";
			productReference = 5C0C5A0921419CEF00B7933D /* Personality Quiz 2.app */;
			productType = "com.apple.product-type.application";
		};
/* End PBXNativeTarget section */

/* Begin PBXProject section */
		5C0C5A0121419CEF00B7933D /* Project object */ = {
			isa = PBXProject;
			attributes = {
				LastSwiftUpdateCheck = 0940;
				LastUpgradeCheck = 0940;
				ORGANIZATIONNAME = "Evgeniy Ryshkov";
				TargetAttributes = {
					5C0C5A0821419CEF00B7933D = {
						CreatedOnToolsVersion = 9.4.1;
						LastSwiftMigration = 1010;
					};
				};
			};
			buildConfigurationList = 5C0C5A0421419CEF00B7933D /* Build configuration list for PBXProject "Personality Quiz 2" */;
			compatibilityVersion = "Xcode 9.3";
			developmentRegion = en;
			hasScannedForEncodings = 0;
			knownRegions = (
				en,
				Base,
			);
			mainGroup = 5C0C5A0021419CEF00B7933D;
			productRefGroup = 5C0C5A0A21419CEF00B7933D /* Products */;
			projectDirPath = "";
			projectRoot = "";
			targets = (
				5C0C5A0821419CEF00B7933D /* Personality Quiz 2 */,
			);
		};
/* End PBXProject section */

/* Begin PBXResourcesBuildPhase section */
		5C0C5A0721419CEF00B7933D /* Resources */ = {
			isa = PBXResourcesBuildPhase;
			buildActionMask = 2147483647;
			files = (
				5CEA704E21B19C35002DE87E /* 2.jpeg in Resources */,
				5C0C5A1721419CF000B7933D /* LaunchScreen.storyboard in Resources */,
				5C0C5A1421419CF000B7933D /* Assets.xcassets in Resources */,
				5CEA705021B19C35002DE87E /* 5.jpeg in Resources */,
				5CEA704F21B19C35002DE87E /* 3.jpeg in Resources */,
				5C0C5A1221419CEF00B7933D /* Main.storyboard in Resources */,
				5CEA705121B19C35002DE87E /* 4.jpeg in Resources */,
				5CEA704D21B19C35002DE87E /* 1.jpeg in Resources */,
			);
			runOnlyForDeploymentPostprocessing = 0;
		};
/* End PBXResourcesBuildPhase section */

/* Begin PBXSourcesBuildPhase section */
		5C0C5A0521419CEF00B7933D /* Sources */ = {
			isa = PBXSourcesBuildPhase;
			buildActionMask = 2147483647;
			files = (
				5C8BA62A2146DEB6002E06DD /* Question.swift in Sources */,
				5C0C5A0F21419CEF00B7933D /* IntroductionViewController.swift in Sources */,
				5C0C5A0D21419CEF00B7933D /* AppDelegate.swift in Sources */,
				5C0C5A1F2141A52B00B7933D /* QuestionViewController.swift in Sources */,
				5C0C5A212141A53E00B7933D /* ResultsViewController.swift in Sources */,
			);
			runOnlyForDeploymentPostprocessing = 0;
		};
/* End PBXSourcesBuildPhase section */

/* Begin PBXVariantGroup section */
		5C0C5A1021419CEF00B7933D /* Main.storyboard */ = {
			isa = PBXVariantGroup;
			children = (
				5C0C5A1121419CEF00B7933D /* Base */,
			);
			name = Main.storyboard;
			sourceTree = "<group>";
		};
		5C0C5A1521419CF000B7933D /* LaunchScreen.storyboard */ = {
			isa = PBXVariantGroup;
			children = (
				5C0C5A1621419CF000B7933D /* Base */,
			);
			name = LaunchScreen.storyboard;
			sourceTree = "<group>";
		};
/* End PBXVariantGroup section */

/* Begin XCBuildConfiguration section */
		5C0C5A1921419CF000B7933D /* Debug */ = {
			isa = XCBuildConfiguration;
			buildSettings = {
				ALWAYS_SEARCH_USER_PATHS = NO;
				CLANG_ANALYZER_NONNULL = YES;
				CLANG_ANALYZER_NUMBER_OBJECT_CONVERSION = YES_AGGRESSIVE;
				CLANG_CXX_LANGUAGE_STANDARD = "gnu++14";
				CLANG_CXX_LIBRARY = "libc++";
				CLANG_ENABLE_MODULES = YES;
				CLANG_ENABLE_OBJC_ARC = YES;
				CLANG_ENABLE_OBJC_WEAK = YES;
				CLANG_WARN_BLOCK_CAPTURE_AUTORELEASING = YES;
				CLANG_WARN_BOOL_CONVERSION = YES;
				CLANG_WARN_COMMA = YES;
				CLANG_WARN_CONSTANT_CONVERSION = YES;
				CLANG_WARN_DEPRECATED_OBJC_IMPLEMENTATIONS = YES;
				CLANG_WARN_DIRECT_OBJC_ISA_USAGE = YES_ERROR;
				CLANG_WARN_DOCUMENTATION_COMMENTS = YES;
				CLANG_WARN_EMPTY_BODY = YES;
				CLANG_WARN_ENUM_CONVERSION = YES;
				CLANG_WARN_INFINITE_RECURSION = YES;
				CLANG_WARN_INT_CONVERSION = YES;
				CLANG_WARN_NON_LITERAL_NULL_CONVERSION = YES;
				CLANG_WARN_OBJC_IMPLICIT_RETAIN_SELF = YES;
				CLANG_WARN_OBJC_LITERAL_CONVERSION = YES;
				CLANG_WARN_OBJC_ROOT_CLASS = YES_ERROR;
				CLANG_WARN_RANGE_LOOP_ANALYSIS = YES;
				CLANG_WARN_STRICT_PROTOTYPES = YES;
				CLANG_WARN_SUSPICIOUS_MOVE = YES;
				CLANG_WARN_UNGUARDED_AVAILABILITY = YES_AGGRESSIVE;
				CLANG_WARN_UNREACHABLE_CODE = YES;
				CLANG_WARN__DUPLICATE_METHOD_MATCH = YES;
				CODE_SIGN_IDENTITY = "iPhone Developer";
				COPY_PHASE_STRIP = NO;
				DEBUG_INFORMATION_FORMAT = dwarf;
				ENABLE_STRICT_OBJC_MSGSEND = YES;
				ENABLE_TESTABILITY = YES;
				GCC_C_LANGUAGE_STANDARD = gnu11;
				GCC_DYNAMIC_NO_PIC = NO;
				GCC_NO_COMMON_BLOCKS = YES;
				GCC_OPTIMIZATION_LEVEL = 0;
				GCC_PREPROCESSOR_DEFINITIONS = (
					"DEBUG=1",
					"$(inherited)",
				);
				GCC_WARN_64_TO_32_BIT_CONVERSION = YES;
				GCC_WARN_ABOUT_RETURN_TYPE = YES_ERROR;
				GCC_WARN_UNDECLARED_SELECTOR = YES;
				GCC_WARN_UNINITIALIZED_AUTOS = YES_AGGRESSIVE;
				GCC_WARN_UNUSED_FUNCTION = YES;
				GCC_WARN_UNUSED_VARIABLE = YES;
				IPHONEOS_DEPLOYMENT_TARGET = 11.4;
				MTL_ENABLE_DEBUG_INFO = YES;
				ONLY_ACTIVE_ARCH = YES;
				SDKROOT = iphoneos;
				SWIFT_ACTIVE_COMPILATION_CONDITIONS = DEBUG;
				SWIFT_OPTIMIZATION_LEVEL = "-Onone";
			};
			name = Debug;
		};
		5C0C5A1A21419CF000B7933D /* Release */ = {
			isa = XCBuildConfiguration;
			buildSettings = {
				ALWAYS_SEARCH_USER_PATHS = NO;
				CLANG_ANALYZER_NONNULL = YES;
				CLANG_ANALYZER_NUMBER_OBJECT_CONVERSION = YES_AGGRESSIVE;
				CLANG_CXX_LANGUAGE_STANDARD = "gnu++14";
				CLANG_CXX_LIBRARY = "libc++";
				CLANG_ENABLE_MODULES = YES;
				CLANG_ENABLE_OBJC_ARC = YES;
				CLANG_ENABLE_OBJC_WEAK = YES;
				CLANG_WARN_BLOCK_CAPTURE_AUTORELEASING = YES;
				CLANG_WARN_BOOL_CONVERSION = YES;
				CLANG_WARN_COMMA = YES;
				CLANG_WARN_CONSTANT_CONVERSION = YES;
				CLANG_WARN_DEPRECATED_OBJC_IMPLEMENTATIONS = YES;
				CLANG_WARN_DIRECT_OBJC_ISA_USAGE = YES_ERROR;
				CLANG_WARN_DOCUMENTATION_COMMENTS = YES;
				CLANG_WARN_EMPTY_BODY = YES;
				CLANG_WARN_ENUM_CONVERSION = YES;
				CLANG_WARN_INFINITE_RECURSION = YES;
				CLANG_WARN_INT_CONVERSION = YES;
				CLANG_WARN_NON_LITERAL_NULL_CONVERSION = YES;
				CLANG_WARN_OBJC_IMPLICIT_RETAIN_SELF = YES;
				CLANG_WARN_OBJC_LITERAL_CONVERSION = YES;
				CLANG_WARN_OBJC_ROOT_CLASS = YES_ERROR;
				CLANG_WARN_RANGE_LOOP_ANALYSIS = YES;
				CLANG_WARN_STRICT_PROTOTYPES = YES;
				CLANG_WARN_SUSPICIOUS_MOVE = YES;
				CLANG_WARN_UNGUARDED_AVAILABILITY = YES_AGGRESSIVE;
				CLANG_WARN_UNREACHABLE_CODE = YES;
				CLANG_WARN__DUPLICATE_METHOD_MATCH = YES;
				CODE_SIGN_IDENTITY = "iPhone Developer";
				COPY_PHASE_STRIP = NO;
				DEBUG_INFORMATION_FORMAT = "dwarf-with-dsym";
				ENABLE_NS_ASSERTIONS = NO;
				ENABLE_STRICT_OBJC_MSGSEND = YES;
				GCC_C_LANGUAGE_STANDARD = gnu11;
				GCC_NO_COMMON_BLOCKS = YES;
				GCC_WARN_64_TO_32_BIT_CONVERSION = YES;
				GCC_WARN_ABOUT_RETURN_TYPE = YES_ERROR;
				GCC_WARN_UNDECLARED_SELECTOR = YES;
				GCC_WARN_UNINITIALIZED_AUTOS = YES_AGGRESSIVE;
				GCC_WARN_UNUSED_FUNCTION = YES;
				GCC_WARN_UNUSED_VARIABLE = YES;
				IPHONEOS_DEPLOYMENT_TARGET = 11.4;
				MTL_ENABLE_DEBUG_INFO = NO;
				SDKROOT = iphoneos;
				SWIFT_COMPILATION_MODE = wholemodule;
				SWIFT_OPTIMIZATION_LEVEL = "-O";
				VALIDATE_PRODUCT = YES;
			};
			name = Release;
		};
		5C0C5A1C21419CF000B7933D /* Debug */ = {
			isa = XCBuildConfiguration;
			buildSettings = {
				ASSETCATALOG_COMPILER_APPICON_NAME = AppIcon;
				CODE_SIGN_STYLE = Manual;
				DEVELOPMENT_TEAM = Z256VMH9HM;
				INFOPLIST_FILE = "Personality Quiz 2/Info.plist";
				LD_RUNPATH_SEARCH_PATHS = (
					"$(inherited)",
					"@executable_path/Frameworks",
				);
				PRODUCT_BUNDLE_IDENTIFIER = "com.dum22ns90.com1004.Personality-Quiz-2";
				PRODUCT_NAME = "$(TARGET_NAME)";
				PROVISIONING_PROFILE = "fec117fc-2f2e-4cf2-adc5-1f59288062cd";
				PROVISIONING_PROFILE_SPECIFIER = 2in1;
				SWIFT_VERSION = 4.2;
				TARGETED_DEVICE_FAMILY = "1,2";
			};
			name = Debug;
		};
		5C0C5A1D21419CF000B7933D /* Release */ = {
			isa = XCBuildConfiguration;
			buildSettings = {
				ASSETCATALOG_COMPILER_APPICON_NAME = AppIcon;
				CODE_SIGN_STYLE = Manual;
				DEVELOPMENT_TEAM = Z256VMH9HM;
				INFOPLIST_FILE = "Personality Quiz 2/Info.plist";
				LD_RUNPATH_SEARCH_PATHS = (
					"$(inherited)",
					"@executable_path/Frameworks",
				);
				PRODUCT_BUNDLE_IDENTIFIER = "com.dum22ns90.com1004.Personality-Quiz-2";
				PRODUCT_NAME = "$(TARGET_NAME)";
				PROVISIONING_PROFILE = "fec117fc-2f2e-4cf2-adc5-1f59288062cd";
				PROVISIONING_PROFILE_SPECIFIER = 2in1;
				SWIFT_VERSION = 4.2;
				TARGETED_DEVICE_FAMILY = "1,2";
			};
			name = Release;
		};
/* End XCBuildConfiguration section */

/* Begin XCConfigurationList section */
		5C0C5A0421419CEF00B7933D /* Build configuration list for PBXProject "Personality Quiz 2" */ = {
			isa = XCConfigurationList;
			buildConfigurations = (
				5C0C5A1921419CF000B7933D /* Debug */,
				5C0C5A1A21419CF000B7933D /* Release */,
			);
			defaultConfigurationIsVisible = 0;
			defaultConfigurationName = Release;
		};
		5C0C5A1B21419CF000B7933D /* Build configuration list for PBXNativeTarget "Personality Quiz 2" */ = {
			isa = XCConfigurationList;
			buildConfigurations = (
				5C0C5A1C21419CF000B7933D /* Debug */,
				5C0C5A1D21419CF000B7933D /* Release */,
			);
			defaultConfigurationIsVisible = 0;
			defaultConfigurationName = Release;
		};
/* End XCConfigurationList section */
	};
	rootObject = 5C0C5A0121419CEF00B7933D /* Project object */;
}
